
Microsoft Visual Studio Solution File, Format Version 12.00
# Visual Studio 2015
Project("{FAE04EC0-301F-11D3-BF4B-00C04F79EFBC}") = "Origami", "Origami.csproj", "{F7513E39-8693-A52D-7D91-1CC61CBB8A78}"
EndProject
Global
	GlobalSection(SolutionConfigurationPlatforms) = preSolution
		Debug|Any CPU = Debug|Any CPU
		Release|Any CPU = Release|Any CPU
	EndGlobalSection
	GlobalSection(ProjectConfigurationPlatforms) = postSolution
		{F7513E39-8693-A52D-7D91-1CC61CBB8A78}.Debug|Any CPU.ActiveCfg = Debug|Any CPU
		{F7513E39-8693-A52D-7D91-1CC61CBB8A78}.Debug|Any CPU.Build.0 = Debug|Any CPU
		{F7513E39-8693-A52D-7D91-1CC61CBB8A78}.Release|Any CPU.ActiveCfg = Release|Any CPU
		{F7513E39-8693-A52D-7D91-1CC61CBB8A78}.Release|Any CPU.Build.0 = Release|Any CPU
	EndGlobalSection
	GlobalSection(SolutionProperties) = preSolution
		HideSolutionNode = FALSE
	EndGlobalSection
EndGlobal
