
Microsoft Visual Studio Solution File, Format Version 11.00
# Visual Studio 2010
Project("{FAE04EC0-301F-11D3-BF4B-00C04F79EFBC}") = "Main Project", "Assembly-CSharp.csproj", "{73CA6781-373C-BCC2-50C2-C72FF18D1974}"
EndProject
Project("{FAE04EC0-301F-11D3-BF4B-00C04F79EFBC}") = "Main Project", "Assembly-CSharp-firstpass.csproj", "{B73C8583-D460-47D2-E00B-6EBAC7FCDF68}"
EndProject
Project("{FAE04EC0-301F-11D3-BF4B-00C04F79EFBC}") = "Main Project", "Assembly-CSharp-Editor.csproj", "{369CC123-4AB7-F473-2904-5F48F0CCD00D}"
EndProject
Global
	GlobalSection(SolutionConfigurationPlatforms) = preSolution
		Debug|Any CPU = Debug|Any CPU
		Release|Any CPU = Release|Any CPU
	EndGlobalSection
	GlobalSection(ProjectConfigurationPlatforms) = postSolution
		{73CA6781-373C-BCC2-50C2-C72FF18D1974}.Debug|Any CPU.ActiveCfg = Debug|Any CPU
		{73CA6781-373C-BCC2-50C2-C72FF18D1974}.Debug|Any CPU.Build.0 = Debug|Any CPU
		{73CA6781-373C-BCC2-50C2-C72FF18D1974}.Release|Any CPU.ActiveCfg = Release|Any CPU
		{73CA6781-373C-BCC2-50C2-C72FF18D1974}.Release|Any CPU.Build.0 = Release|Any CPU
		{B73C8583-D460-47D2-E00B-6EBAC7FCDF68}.Debug|Any CPU.ActiveCfg = Debug|Any CPU
		{B73C8583-D460-47D2-E00B-6EBAC7FCDF68}.Debug|Any CPU.Build.0 = Debug|Any CPU
		{B73C8583-D460-47D2-E00B-6EBAC7FCDF68}.Release|Any CPU.ActiveCfg = Release|Any CPU
		{B73C8583-D460-47D2-E00B-6EBAC7FCDF68}.Release|Any CPU.Build.0 = Release|Any CPU
		{369CC123-4AB7-F473-2904-5F48F0CCD00D}.Debug|Any CPU.ActiveCfg = Debug|Any CPU
		{369CC123-4AB7-F473-2904-5F48F0CCD00D}.Debug|Any CPU.Build.0 = Debug|Any CPU
		{369CC123-4AB7-F473-2904-5F48F0CCD00D}.Release|Any CPU.ActiveCfg = Release|Any CPU
		{369CC123-4AB7-F473-2904-5F48F0CCD00D}.Release|Any CPU.Build.0 = Release|Any CPU
	EndGlobalSection
	GlobalSection(SolutionProperties) = preSolution
		HideSolutionNode = FALSE
	EndGlobalSection
	GlobalSection(MonoDevelopProperties) = preSolution
		StartupItem = Assembly-CSharp.csproj
	EndGlobalSection
EndGlobal
